
Microsoft Visual Studio Solution File, Format Version 12.00
# Visual Studio Version 17
VisualStudioVersion = 17.9.34607.119
MinimumVisualStudioVersion = 10.0.40219.1
Project("{FAE04EC0-301F-11D3-BF4B-00C04F79EFBC}") = "Producer", "Producer\Producer.csproj", "{087847EE-12DF-4758-922B-74542BD8D685}"
EndProject
Project("{FAE04EC0-301F-11D3-BF4B-00C04F79EFBC}") = "Messaging.Contracts", "Messaging.Contracts\Messaging.Contracts.csproj", "{980CD0C2-7E93-4225-A7F2-6F83F1E8B27B}"
EndProject
Global
	GlobalSection(SolutionConfigurationPlatforms) = preSolution
		Debug|Any CPU = Debug|Any CPU
		Release|Any CPU = Release|Any CPU
	EndGlobalSection
	GlobalSection(ProjectConfigurationPlatforms) = postSolution
		{087847EE-12DF-4758-922B-74542BD8D685}.Debug|Any CPU.ActiveCfg = Debug|Any CPU
		{087847EE-12DF-4758-922B-74542BD8D685}.Debug|Any CPU.Build.0 = Debug|Any CPU
		{087847EE-12DF-4758-922B-74542BD8D685}.Release|Any CPU.ActiveCfg = Release|Any CPU
		{087847EE-12DF-4758-922B-74542BD8D685}.Release|Any CPU.Build.0 = Release|Any CPU
		{980CD0C2-7E93-4225-A7F2-6F83F1E8B27B}.Debug|Any CPU.ActiveCfg = Debug|Any CPU
		{980CD0C2-7E93-4225-A7F2-6F83F1E8B27B}.Debug|Any CPU.Build.0 = Debug|Any CPU
		{980CD0C2-7E93-4225-A7F2-6F83F1E8B27B}.Release|Any CPU.ActiveCfg = Release|Any CPU
		{980CD0C2-7E93-4225-A7F2-6F83F1E8B27B}.Release|Any CPU.Build.0 = Release|Any CPU
	EndGlobalSection
	GlobalSection(SolutionProperties) = preSolution
		HideSolutionNode = FALSE
	EndGlobalSection
	GlobalSection(ExtensibilityGlobals) = postSolution
		SolutionGuid = {A66FF39B-D930-4E21-BD37-3383BF0B5756}
	EndGlobalSection
EndGlobal
